{
  "name": "@commonapp/ng-select",
  "version": "5.1.0",
  "lockfileVersion": 3,
  "requires": true,
  "packages": {
    "": {
      "name": "@commonapp/ng-select",
      "version": "5.1.0",
      "license": "MIT",
      "dependencies": {
        "tslib": "^2.3.1"
      },
      "engines": {
        "node": ">= 12.20.0",
        "npm": ">= 6.0.0"
      },
      "peerDependencies": {
        "@angular/common": "<16.0.0",
        "@angular/core": "<16.0.0",
        "@angular/forms": "<16.0.0"
      }
    },
    "node_modules/@angular/common": {
      "version": "15.2.9",
      "resolved": "https://registry.npmjs.org/@angular/common/-/common-15.2.9.tgz",
      "integrity": "sha512-LM9/UHG2dRrOzlu2KovrFwWIziFMjRxHzSP3Igw6Symw/wIl0kXGq8Fn6RpFP78zmLqnv+IQOoRiby9MCXsI4g==",
      "peer": true,
      "dependencies": {
        "tslib": "^2.3.0"
      },
      "engines": {
        "node": "^14.20.0 || ^16.13.0 || >=18.10.0"
      },
      "peerDependencies": {
        "@angular/core": "15.2.9",
        "rxjs": "^6.5.3 || ^7.4.0"
      }
    },
    "node_modules/@angular/core": {
      "version": "15.2.9",
      "resolved": "https://registry.npmjs.org/@angular/core/-/core-15.2.9.tgz",
      "integrity": "sha512-w46Z1yUXCQfKV7XfnamOoLA2VD0MVUUYVrUjO73mHSskDXSXxfZAEHO9kfUS71Cj35PvhP3mbkqWscpea2WeYg==",
      "peer": true,
      "dependencies": {
        "tslib": "^2.3.0"
      },
      "engines": {
        "node": "^14.20.0 || ^16.13.0 || >=18.10.0"
      },
      "peerDependencies": {
        "rxjs": "^6.5.3 || ^7.4.0",
        "zone.js": "~0.11.4 || ~0.12.0 || ~0.13.0"
      }
    },
    "node_modules/@angular/forms": {
      "version": "15.2.9",
      "resolved": "https://registry.npmjs.org/@angular/forms/-/forms-15.2.9.tgz",
      "integrity": "sha512-sk0pC2EFi2Ohg5J0q0NYptbT+2WOkoiERSMYA39ncDvlSZBWsNlxpkbGUSck7NIxjK2QfcVN1ldGbHlZTFvtqg==",
      "peer": true,
      "dependencies": {
        "tslib": "^2.3.0"
      },
      "engines": {
        "node": "^14.20.0 || ^16.13.0 || >=18.10.0"
      },
      "peerDependencies": {
        "@angular/common": "15.2.9",
        "@angular/core": "15.2.9",
        "@angular/platform-browser": "15.2.9",
        "rxjs": "^6.5.3 || ^7.4.0"
      }
    },
    "node_modules/@angular/platform-browser": {
      "version": "15.2.9",
      "resolved": "https://registry.npmjs.org/@angular/platform-browser/-/platform-browser-15.2.9.tgz",
      "integrity": "sha512-ufCHeSX+U6d43YOMkn3igwfqtlozoCXADcbyfUEG8m2y9XASobqmCKvdSk/zfl62oyiA8msntWBJVBE2l4xKXg==",
      "peer": true,
      "dependencies": {
        "tslib": "^2.3.0"
      },
      "engines": {
        "node": "^14.20.0 || ^16.13.0 || >=18.10.0"
      },
      "peerDependencies": {
        "@angular/animations": "15.2.9",
        "@angular/common": "15.2.9",
        "@angular/core": "15.2.9"
      },
      "peerDependenciesMeta": {
        "@angular/animations": {
          "optional": true
        }
      }
    },
    "node_modules/rxjs": {
      "version": "7.8.1",
      "resolved": "https://registry.npmjs.org/rxjs/-/rxjs-7.8.1.tgz",
      "integrity": "sha512-AA3TVj+0A2iuIoQkWEK/tqFjBq2j+6PO6Y0zJcvzLAFhEFIO3HL0vls9hWLncZbAAbK0mar7oZ4V079I/qPMxg==",
      "peer": true,
      "dependencies": {
        "tslib": "^2.1.0"
      }
    },
    "node_modules/tslib": {
      "version": "2.6.0",
      "resolved": "https://registry.npmjs.org/tslib/-/tslib-2.6.0.tgz",
      "integrity": "sha512-7At1WUettjcSRHXCyYtTselblcHl9PJFFVKiCAy/bY97+BPZXSQ2wbq0P9s8tK2G7dFQfNnlJnPAiArVBVBsfA=="
    },
    "node_modules/zone.js": {
      "version": "0.13.1",
      "resolved": "https://registry.npmjs.org/zone.js/-/zone.js-0.13.1.tgz",
      "integrity": "sha512-+bIeDAFEBYuXRuU3qGQvzdPap+N1zjM4KkBAiiQuVVCrHrhjDuY6VkUhNa5+U27+9w0q3fbKiMCbpJ0XzMmSWA==",
      "peer": true,
      "dependencies": {
        "tslib": "^2.3.0"
      }
    }
  }
}
